
Microsoft Visual Studio Solution File, Format Version 12.00
# Visual Studio Version 17
VisualStudioVersion = 17.13.35913.81
MinimumVisualStudioVersion = 10.0.40219.1
Project("{2150E333-8FDC-42A3-9474-1A3956D46DE8}") = "Core", "Core", "{02EA681E-C7D8-13C7-8484-4AC65E1B71E8}"
EndProject
Project("{FAE04EC0-301F-11D3-BF4B-00C04F79EFBC}") = "UdemyCarBook.Domain", "Core\UdemyCarBook.Domain\UdemyCarBook.Domain.csproj", "{C75C03C9-7681-4EA7-80C4-525F666C5096}"
EndProject
Project("{2150E333-8FDC-42A3-9474-1A3956D46DE8}") = "Infrastructure", "Infrastructure", "{AD357516-A4E8-483F-85F4-78C683446DFF}"
EndProject
Project("{FAE04EC0-301F-11D3-BF4B-00C04F79EFBC}") = "UdemyCarBook.Persistence", "Infrastructure\UdemyCarBook.Persistence\UdemyCarBook.Persistence.csproj", "{EDFB7A2F-5499-4B41-AA16-8BDF1B3698CB}"
EndProject
Project("{2150E333-8FDC-42A3-9474-1A3956D46DE8}") = "presentation", "presentation", "{57C04B73-DC4E-40B0-92A5-CB7C08018B2A}"
EndProject
Project("{FAE04EC0-301F-11D3-BF4B-00C04F79EFBC}") = "UdemyCarBook.WepApi", "Presentation\UdemyCarBook.WepApi\UdemyCarBook.WepApi.csproj", "{862B970E-1742-4EB3-99BB-24E15A298D46}"
EndProject
Project("{FAE04EC0-301F-11D3-BF4B-00C04F79EFBC}") = "UdemyCarBook.Application", "Core\UdemyCarBook.Application\UdemyCarBook.Application.csproj", "{37BCDF3F-6CB2-4350-98EE-FBF1D62B8549}"
EndProject
Global
	GlobalSection(SolutionConfigurationPlatforms) = preSolution
		Debug|Any CPU = Debug|Any CPU
		Release|Any CPU = Release|Any CPU
	EndGlobalSection
	GlobalSection(ProjectConfigurationPlatforms) = postSolution
		{C75C03C9-7681-4EA7-80C4-525F666C5096}.Debug|Any CPU.ActiveCfg = Debug|Any CPU
		{C75C03C9-7681-4EA7-80C4-525F666C5096}.Debug|Any CPU.Build.0 = Debug|Any CPU
		{C75C03C9-7681-4EA7-80C4-525F666C5096}.Release|Any CPU.ActiveCfg = Release|Any CPU
		{C75C03C9-7681-4EA7-80C4-525F666C5096}.Release|Any CPU.Build.0 = Release|Any CPU
		{EDFB7A2F-5499-4B41-AA16-8BDF1B3698CB}.Debug|Any CPU.ActiveCfg = Debug|Any CPU
		{EDFB7A2F-5499-4B41-AA16-8BDF1B3698CB}.Debug|Any CPU.Build.0 = Debug|Any CPU
		{EDFB7A2F-5499-4B41-AA16-8BDF1B3698CB}.Release|Any CPU.ActiveCfg = Release|Any CPU
		{EDFB7A2F-5499-4B41-AA16-8BDF1B3698CB}.Release|Any CPU.Build.0 = Release|Any CPU
		{862B970E-1742-4EB3-99BB-24E15A298D46}.Debug|Any CPU.ActiveCfg = Debug|Any CPU
		{862B970E-1742-4EB3-99BB-24E15A298D46}.Debug|Any CPU.Build.0 = Debug|Any CPU
		{862B970E-1742-4EB3-99BB-24E15A298D46}.Release|Any CPU.ActiveCfg = Release|Any CPU
		{862B970E-1742-4EB3-99BB-24E15A298D46}.Release|Any CPU.Build.0 = Release|Any CPU
		{37BCDF3F-6CB2-4350-98EE-FBF1D62B8549}.Debug|Any CPU.ActiveCfg = Debug|Any CPU
		{37BCDF3F-6CB2-4350-98EE-FBF1D62B8549}.Debug|Any CPU.Build.0 = Debug|Any CPU
		{37BCDF3F-6CB2-4350-98EE-FBF1D62B8549}.Release|Any CPU.ActiveCfg = Release|Any CPU
		{37BCDF3F-6CB2-4350-98EE-FBF1D62B8549}.Release|Any CPU.Build.0 = Release|Any CPU
	EndGlobalSection
	GlobalSection(SolutionProperties) = preSolution
		HideSolutionNode = FALSE
	EndGlobalSection
	GlobalSection(NestedProjects) = preSolution
		{C75C03C9-7681-4EA7-80C4-525F666C5096} = {02EA681E-C7D8-13C7-8484-4AC65E1B71E8}
		{EDFB7A2F-5499-4B41-AA16-8BDF1B3698CB} = {AD357516-A4E8-483F-85F4-78C683446DFF}
		{862B970E-1742-4EB3-99BB-24E15A298D46} = {57C04B73-DC4E-40B0-92A5-CB7C08018B2A}
		{37BCDF3F-6CB2-4350-98EE-FBF1D62B8549} = {02EA681E-C7D8-13C7-8484-4AC65E1B71E8}
	EndGlobalSection
	GlobalSection(ExtensibilityGlobals) = postSolution
		SolutionGuid = {F445C642-8C3D-4251-9CA6-F61AAD52489C}
	EndGlobalSection
EndGlobal
